
Microsoft Visual Studio Solution File, Format Version 12.00
# Visual Studio Version 17
VisualStudioVersion = 17.1.32328.378
MinimumVisualStudioVersion = 10.0.40219.1
Project("{FAE04EC0-301F-11D3-BF4B-00C04F79EFBC}") = "MatchGame", "MatchGame\MatchGame.csproj", "{A2AFC87C-DFF3-4111-81F9-04A816032F84}"
EndProject
Global
	GlobalSection(SolutionConfigurationPlatforms) = preSolution
		Debug|Any CPU = Debug|Any CPU
		Release|Any CPU = Release|Any CPU
	EndGlobalSection
	GlobalSection(ProjectConfigurationPlatforms) = postSolution
		{A2AFC87C-DFF3-4111-81F9-04A816032F84}.Debug|Any CPU.ActiveCfg = Debug|Any CPU
		{A2AFC87C-DFF3-4111-81F9-04A816032F84}.Debug|Any CPU.Build.0 = Debug|Any CPU
		{A2AFC87C-DFF3-4111-81F9-04A816032F84}.Release|Any CPU.ActiveCfg = Release|Any CPU
		{A2AFC87C-DFF3-4111-81F9-04A816032F84}.Release|Any CPU.Build.0 = Release|Any CPU
	EndGlobalSection
	GlobalSection(SolutionProperties) = preSolution
		HideSolutionNode = FALSE
	EndGlobalSection
	GlobalSection(ExtensibilityGlobals) = postSolution
		SolutionGuid = {84A50FC4-96E2-4DCB-A670-89ADEAB969F9}
	EndGlobalSection
EndGlobal
